
Microsoft Visual Studio Solution File, Format Version 12.00
# Visual Studio Version 16
VisualStudioVersion = 16.0.31205.134
MinimumVisualStudioVersion = 10.0.40219.1
Project("{FAE04EC0-301F-11D3-BF4B-00C04F79EFBC}") = "jogoDaCobrinha", "jogoDaCobrinha\jogoDaCobrinha.csproj", "{727441A9-E78E-4CFB-870D-88160EC1093D}"
EndProject
Global
	GlobalSection(SolutionConfigurationPlatforms) = preSolution
		Debug|Any CPU = Debug|Any CPU
		Release|Any CPU = Release|Any CPU
	EndGlobalSection
	GlobalSection(ProjectConfigurationPlatforms) = postSolution
		{727441A9-E78E-4CFB-870D-88160EC1093D}.Debug|Any CPU.ActiveCfg = Debug|Any CPU
		{727441A9-E78E-4CFB-870D-88160EC1093D}.Debug|Any CPU.Build.0 = Debug|Any CPU
		{727441A9-E78E-4CFB-870D-88160EC1093D}.Release|Any CPU.ActiveCfg = Release|Any CPU
		{727441A9-E78E-4CFB-870D-88160EC1093D}.Release|Any CPU.Build.0 = Release|Any CPU
	EndGlobalSection
	GlobalSection(SolutionProperties) = preSolution
		HideSolutionNode = FALSE
	EndGlobalSection
	GlobalSection(ExtensibilityGlobals) = postSolution
		SolutionGuid = {6F9845FF-F1E7-4A8A-A8F0-800A736C36A8}
	EndGlobalSection
EndGlobal
